
Microsoft Visual Studio Solution File, Format Version 12.00
# Visual Studio 15
VisualStudioVersion = 15.0.27703.2026
MinimumVisualStudioVersion = 10.0.40219.1
Project("{FAE04EC0-301F-11D3-BF4B-00C04F79EFBC}") = "UniversalGameLauncher", "UniversalGameLauncher\UniversalGameLauncher.csproj", "{FC42614E-0B3E-43F4-A3D7-C778DDE64175}"
EndProject
Global
	GlobalSection(SolutionConfigurationPlatforms) = preSolution
		Debug|Any CPU = Debug|Any CPU
		Release|Any CPU = Release|Any CPU
	EndGlobalSection
	GlobalSection(ProjectConfigurationPlatforms) = postSolution
		{FC42614E-0B3E-43F4-A3D7-C778DDE64175}.Debug|Any CPU.ActiveCfg = Debug|Any CPU
		{FC42614E-0B3E-43F4-A3D7-C778DDE64175}.Debug|Any CPU.Build.0 = Debug|Any CPU
		{FC42614E-0B3E-43F4-A3D7-C778DDE64175}.Release|Any CPU.ActiveCfg = Release|Any CPU
		{FC42614E-0B3E-43F4-A3D7-C778DDE64175}.Release|Any CPU.Build.0 = Release|Any CPU
	EndGlobalSection
	GlobalSection(SolutionProperties) = preSolution
		HideSolutionNode = FALSE
	EndGlobalSection
	GlobalSection(ExtensibilityGlobals) = postSolution
		SolutionGuid = {F4150DC8-718B-4A7A-8D78-1EAF8CFFD52E}
	EndGlobalSection
EndGlobal
